
Microsoft Visual Studio Solution File, Format Version 12.00
# Visual Studio 16
Project("{FAE04EC0-301F-11D3-BF4B-00C04F79EFBC}") = "Assembly-CSharp", "Assembly-CSharp.csproj", "{4DB681DB-EBE3-F945-F450-6B6DAE68FE4E}"
EndProject
Project("{FAE04EC0-301F-11D3-BF4B-00C04F79EFBC}") = "Assembly-CSharp-firstpass", "Assembly-CSharp-firstpass.csproj", "{D4C50041-822D-048F-285D-FB1D9E21F9AB}"
EndProject
Project("{FAE04EC0-301F-11D3-BF4B-00C04F79EFBC}") = "Assembly-CSharp-Editor-firstpass", "Assembly-CSharp-Editor-firstpass.csproj", "{76313B00-37B3-014A-693C-424B3F54AB8B}"
EndProject
Global
	GlobalSection(SolutionConfigurationPlatforms) = preSolution
		Debug|Any CPU = Debug|Any CPU
		Release|Any CPU = Release|Any CPU
	EndGlobalSection
	GlobalSection(ProjectConfigurationPlatforms) = postSolution
		{4DB681DB-EBE3-F945-F450-6B6DAE68FE4E}.Debug|Any CPU.ActiveCfg = Debug|Any CPU
		{4DB681DB-EBE3-F945-F450-6B6DAE68FE4E}.Debug|Any CPU.Build.0 = Debug|Any CPU
		{4DB681DB-EBE3-F945-F450-6B6DAE68FE4E}.Release|Any CPU.ActiveCfg = Release|Any CPU
		{4DB681DB-EBE3-F945-F450-6B6DAE68FE4E}.Release|Any CPU.Build.0 = Release|Any CPU
		{D4C50041-822D-048F-285D-FB1D9E21F9AB}.Debug|Any CPU.ActiveCfg = Debug|Any CPU
		{D4C50041-822D-048F-285D-FB1D9E21F9AB}.Debug|Any CPU.Build.0 = Debug|Any CPU
		{D4C50041-822D-048F-285D-FB1D9E21F9AB}.Release|Any CPU.ActiveCfg = Release|Any CPU
		{D4C50041-822D-048F-285D-FB1D9E21F9AB}.Release|Any CPU.Build.0 = Release|Any CPU
		{76313B00-37B3-014A-693C-424B3F54AB8B}.Debug|Any CPU.ActiveCfg = Debug|Any CPU
		{76313B00-37B3-014A-693C-424B3F54AB8B}.Debug|Any CPU.Build.0 = Debug|Any CPU
		{76313B00-37B3-014A-693C-424B3F54AB8B}.Release|Any CPU.ActiveCfg = Release|Any CPU
		{76313B00-37B3-014A-693C-424B3F54AB8B}.Release|Any CPU.Build.0 = Release|Any CPU
	EndGlobalSection
	GlobalSection(SolutionProperties) = preSolution
		HideSolutionNode = FALSE
	EndGlobalSection
EndGlobal
